PODS:
  - Flutter (1.0.0)
  - touch_ripple_effect (0.0.1):
    - Flutter

DEPENDENCIES:
  - Flutter (from `Flutter`)
  - touch_ripple_effect (from `.symlinks/plugins/touch_ripple_effect/ios`)

EXTERNAL SOURCES:
  Flutter:
    :path: Flutter
  touch_ripple_effect:
    :path: ".symlinks/plugins/touch_ripple_effect/ios"

SPEC CHECKSUMS:
  Flutter: 434fef37c0980e73bb6479ef766c45957d4b510c
  touch_ripple_effect: 5b850cbec069237959ef95e7e81e7ee7f934ac76

PODFILE CHECKSUM: cc1f88378b4bfcf93a6ce00d2c587857c6008d3b

COCOAPODS: 1.10.1
